{
  "name": "nc3-elmo-machines",
  "version": "0.1.0",
  "lockfileVersion": 3,
  "requires": true,
  "packages": {
    "": {
      "name": "nc3-elmo-machines",
      "version": "0.1.0",
      "license": "UNLICENSED",
      "dependencies": {
        "xstate": "^5.19.0"
      }
    },
    "node_modules/xstate": {
      "version": "5.31.1",
      "resolved": "https://registry.npmjs.org/xstate/-/xstate-5.31.1.tgz",
      "integrity": "sha512-3P7t7GQ61BvLu+8Cj6Zq7rcS34vecL9pvfN2ucUWmIFIUG+rAREviOs4Xy4OO3BuJHSz6RLU8eqDXxSbVotjDQ==",
      "funding": {
        "type": "opencollective",
        "url": "https://opencollective.com/xstate"
      }
    }
  }
}
